// !$*UTF8*$!
{
	archiveVersion = 1;
	classes = {
	};
	objectVersion = 51;
	objects = {

/* Begin PBXBuildFile section */
		55140C76E5466FA530592FBD /* Pods_JordyDiary.framework in Frameworks */ = {isa = PBXBuildFile; fileRef = 41208D6698A44482EF1990B9 /* Pods_JordyDiary.framework */; };
		C12C5D96241FD43E003D229C /* AppDelegate.swift in Sources */ = {isa = PBXBuildFile; fileRef = C12C5D95241FD43E003D229C /* AppDelegate.swift */; };
		C12C5D98241FD43E003D229C /* SceneDelegate.swift in Sources */ = {isa = PBXBuildFile; fileRef = C12C5D97241FD43E003D229C /* SceneDelegate.swift */; };
		C12C5D9A241FD43E003D229C /* ViewController.swift in Sources */ = {isa = PBXBuildFile; fileRef = C12C5D99241FD43E003D229C /* ViewController.swift */; };
		C12C5D9D241FD43E003D229C /* Main.storyboard in Resources */ = {isa = PBXBuildFile; fileRef = C12C5D9B241FD43E003D229C /* Main.storyboard */; };
		C12C5D9F241FD440003D229C /* Assets.xcassets in Resources */ = {isa = PBXBuildFile; fileRef = C12C5D9E241FD440003D229C /* Assets.xcassets */; };
		C12C5DA2241FD440003D229C /* LaunchScreen.storyboard in Resources */ = {isa = PBXBuildFile; fileRef = C12C5DA0241FD440003D229C /* LaunchScreen.storyboard */; };
		C12C5DAA241FD5CC003D229C /* GoogleService-Info.plist in Resources */ = {isa = PBXBuildFile; fileRef = C12C5DA9241FD5CC003D229C /* GoogleService-Info.plist */; };
		C12C5DAD24211CF2003D229C /* whiteRabbit.otf in Resources */ = {isa = PBXBuildFile; fileRef = C12C5DAC24211C5A003D229C /* whiteRabbit.otf */; };
		C12C5DAF2428D122003D229C /* LoginPopup.swift in Sources */ = {isa = PBXBuildFile; fileRef = C12C5DAE2428D122003D229C /* LoginPopup.swift */; };
/* End PBXBuildFile section */

/* Begin PBXFileReference section */
		41208D6698A44482EF1990B9 /* Pods_JordyDiary.framework */ = {isa = PBXFileReference; explicitFileType = wrapper.framework; includeInIndex = 0; path = Pods_JordyDiary.framework; sourceTree = BUILT_PRODUCTS_DIR; };
		42F0E75F37C6256C7EC15B54 /* Pods-JordyDiary.release.xcconfig */ = {isa = PBXFileReference; includeInIndex = 1; lastKnownFileType = text.xcconfig; name = "Pods-JordyDiary.release.xcconfig"; path = "Target Support Files/Pods-JordyDiary/Pods-JordyDiary.release.xcconfig"; sourceTree = "<group>"; };
		47C0542AF053C35521B4B055 /* Pods-JordyDiary.debug.xcconfig */ = {isa = PBXFileReference; includeInIndex = 1; lastKnownFileType = text.xcconfig; name = "Pods-JordyDiary.debug.xcconfig"; path = "Target Support Files/Pods-JordyDiary/Pods-JordyDiary.debug.xcconfig"; sourceTree = "<group>"; };
		C12C5D92241FD43E003D229C /* JordyDiary.app */ = {isa = PBXFileReference; explicitFileType = wrapper.application; includeInIndex = 0; path = JordyDiary.app; sourceTree = BUILT_PRODUCTS_DIR; };
		C12C5D95241FD43E003D229C /* AppDelegate.swift */ = {isa = PBXFileReference; lastKnownFileType = sourcecode.swift; path = AppDelegate.swift; sourceTree = "<group>"; };
		C12C5D97241FD43E003D229C /* SceneDelegate.swift */ = {isa = PBXFileReference; lastKnownFileType = sourcecode.swift; path = SceneDelegate.swift; sourceTree = "<group>"; };
		C12C5D99241FD43E003D229C /* ViewController.swift */ = {isa = PBXFileReference; lastKnownFileType = sourcecode.swift; path = ViewController.swift; sourceTree = "<group>"; };
		C12C5D9C241FD43E003D229C /* Base */ = {isa = PBXFileReference; lastKnownFileType = file.storyboard; name = Base; path = Base.lproj/Main.storyboard; sourceTree = "<group>"; };
		C12C5D9E241FD440003D229C /* Assets.xcassets */ = {isa = PBXFileReference; lastKnownFileType = folder.assetcatalog; path = Assets.xcassets; sourceTree = "<group>"; };
		C12C5DA1241FD440003D229C /* Base */ = {isa = PBXFileReference; lastKnownFileType = file.storyboard; name = Base; path = Base.lproj/LaunchScreen.storyboard; sourceTree = "<group>"; };
		C12C5DA3241FD440003D229C /* Info.plist */ = {isa = PBXFileReference; lastKnownFileType = text.plist.xml; path = Info.plist; sourceTree = "<group>"; };
		C12C5DA9241FD5CC003D229C /* GoogleService-Info.plist */ = {isa = PBXFileReference; fileEncoding = 4; lastKnownFileType = text.plist.xml; path = "GoogleService-Info.plist"; sourceTree = "<group>"; };
		C12C5DAC24211C5A003D229C /* whiteRabbit.otf */ = {isa = PBXFileReference; lastKnownFileType = file; path = whiteRabbit.otf; sourceTree = "<group>"; };
		C12C5DAE2428D122003D229C /* LoginPopup.swift */ = {isa = PBXFileReference; lastKnownFileType = sourcecode.swift; path = LoginPopup.swift; sourceTree = "<group>"; };
/* End PBXFileReference section */

/* Begin PBXFrameworksBuildPhase section */
		C12C5D8F241FD43E003D229C /* Frameworks */ = {
			isa = PBXFrameworksBuildPhase;
			buildActionMask = 2147483647;
			files = (
				55140C76E5466FA530592FBD /* Pods_JordyDiary.framework in Frameworks */,
			);
			runOnlyForDeploymentPostprocessing = 0;
		};
/* End PBXFrameworksBuildPhase section */

/* Begin PBXGroup section */
		7CBCD7010E0CE97E7F86C246 /* Frameworks */ = {
			isa = PBXGroup;
			children = (
				41208D6698A44482EF1990B9 /* Pods_JordyDiary.framework */,
			);
			name = Frameworks;
			sourceTree = "<group>";
		};
		C12C5D89241FD43E003D229C = {
			isa = PBXGroup;
			children = (
				C12C5DAB24211BF8003D229C /* Fonts */,
				C12C5D94241FD43E003D229C /* JordyDiary */,
				C12C5D93241FD43E003D229C /* Products */,
				E33A6B33DC03FAF130FC9DB9 /* Pods */,
				7CBCD7010E0CE97E7F86C246 /* Frameworks */,
			);
			sourceTree = "<group>";
		};
		C12C5D93241FD43E003D229C /* Products */ = {
			isa = PBXGroup;
			children = (
				C12C5D92241FD43E003D229C /* JordyDiary.app */,
			);
			name = Products;
			sourceTree = "<group>";
		};
		C12C5D94241FD43E003D229C /* JordyDiary */ = {
			isa = PBXGroup;
			children = (
				C12C5D95241FD43E003D229C /* AppDelegate.swift */,
				C12C5D97241FD43E003D229C /* SceneDelegate.swift */,
				C12C5D99241FD43E003D229C /* ViewController.swift */,
				C12C5D9B241FD43E003D229C /* Main.storyboard */,
				C12C5D9E241FD440003D229C /* Assets.xcassets */,
				C12C5DA0241FD440003D229C /* LaunchScreen.storyboard */,
				C12C5DA3241FD440003D229C /* Info.plist */,
				C12C5DA9241FD5CC003D229C /* GoogleService-Info.plist */,
				C12C5DAE2428D122003D229C /* LoginPopup.swift */,
			);
			path = JordyDiary;
			sourceTree = "<group>";
		};
		C12C5DAB24211BF8003D229C /* Fonts */ = {
			isa = PBXGroup;
			children = (
				C12C5DAC24211C5A003D229C /* whiteRabbit.otf */,
			);
			path = Fonts;
			sourceTree = "<group>";
		};
		E33A6B33DC03FAF130FC9DB9 /* Pods */ = {
			isa = PBXGroup;
			children = (
				47C0542AF053C35521B4B055 /* Pods-JordyDiary.debug.xcconfig */,
				42F0E75F37C6256C7EC15B54 /* Pods-JordyDiary.release.xcconfig */,
			);
			path = Pods;
			sourceTree = "<group>";
		};
/* End PBXGroup section */

/* Begin PBXNativeTarget section */
		C12C5D91241FD43E003D229C /* JordyDiary */ = {
			isa = PBXNativeTarget;
			buildConfigurationList = C12C5DA6241FD440003D229C /* Build configuration list for PBXNativeTarget "JordyDiary" */;
			buildPhases = (
				2A46869F28E229E3E41ADC6C /* [CP] Check Pods Manifest.lock */,
				C12C5D8E241FD43E003D229C /* Sources */,
				C12C5D8F241FD43E003D229C /* Frameworks */,
				C12C5D90241FD43E003D229C /* Resources */,
				6BAFA8DB806C5F2E1D155249 /* [CP] Embed Pods Frameworks */,
			);
			buildRules = (
			);
			dependencies = (
			);
			name = JordyDiary;
			productName = JordyDiary;
			productReference = C12C5D92241FD43E003D229C /* JordyDiary.app */;
			productType = "com.apple.product-type.application";
		};
/* End PBXNativeTarget section */

/* Begin PBXProject section */
		C12C5D8A241FD43E003D229C /* Project object */ = {
			isa = PBXProject;
			attributes = {
				LastSwiftUpdateCheck = 1130;
				LastUpgradeCheck = 1130;
				ORGANIZATIONNAME = Hazel;
				TargetAttributes = {
					C12C5D91241FD43E003D229C = {
						CreatedOnToolsVersion = 11.3.1;
					};
				};
			};
			buildConfigurationList = C12C5D8D241FD43E003D229C /* Build configuration list for PBXProject "JordyDiary" */;
			compatibilityVersion = "Xcode 9.3";
			developmentRegion = en;
			hasScannedForEncodings = 0;
			knownRegions = (
				en,
				Base,
			);
			mainGroup = C12C5D89241FD43E003D229C;
			productRefGroup = C12C5D93241FD43E003D229C /* Products */;
			projectDirPath = "";
			projectRoot = "";
			targets = (
				C12C5D91241FD43E003D229C /* JordyDiary */,
			);
		};
/* End PBXProject section */

/* Begin PBXResourcesBuildPhase section */
		C12C5D90241FD43E003D229C /* Resources */ = {
			isa = PBXResourcesBuildPhase;
			buildActionMask = 2147483647;
			files = (
				C12C5DA2241FD440003D229C /* LaunchScreen.storyboard in Resources */,
				C12C5DAA241FD5CC003D229C /* GoogleService-Info.plist in Resources */,
				C12C5D9F241FD440003D229C /* Assets.xcassets in Resources */,
				C12C5D9D241FD43E003D229C /* Main.storyboard in Resources */,
				C12C5DAD24211CF2003D229C /* whiteRabbit.otf in Resources */,
			);
			runOnlyForDeploymentPostprocessing = 0;
		};
/* End PBXResourcesBuildPhase section */

/* Begin PBXShellScriptBuildPhase section */
		2A46869F28E229E3E41ADC6C /* [CP] Check Pods Manifest.lock */ = {
			isa = PBXShellScriptBuildPhase;
			buildActionMask = 2147483647;
			files = (
			);
			inputFileListPaths = (
			);
			inputPaths = (
				"${PODS_PODFILE_DIR_PATH}/Podfile.lock",
				"${PODS_ROOT}/Manifest.lock",
			);
			name = "[CP] Check Pods Manifest.lock";
			outputFileListPaths = (
			);
			outputPaths = (
				"$(DERIVED_FILE_DIR)/Pods-JordyDiary-checkManifestLockResult.txt",
			);
			runOnlyForDeploymentPostprocessing = 0;
			shellPath = /bin/sh;
			shellScript = "diff \"${PODS_PODFILE_DIR_PATH}/Podfile.lock\" \"${PODS_ROOT}/Manifest.lock\" > /dev/null\nif [ $? != 0 ] ; then\n    # print error to STDERR\n    echo \"error: The sandbox is not in sync with the Podfile.lock. Run 'pod install' or update your CocoaPods installation.\" >&2\n    exit 1\nfi\n# This output is used by Xcode 'outputs' to avoid re-running this script phase.\necho \"SUCCESS\" > \"${SCRIPT_OUTPUT_FILE_0}\"\n";
			showEnvVarsInLog = 0;
		};
		6BAFA8DB806C5F2E1D155249 /* [CP] Embed Pods Frameworks */ = {
			isa = PBXShellScriptBuildPhase;
			buildActionMask = 2147483647;
			files = (
			);
			inputFileListPaths = (
				"${PODS_ROOT}/Target Support Files/Pods-JordyDiary/Pods-JordyDiary-frameworks-${CONFIGURATION}-input-files.xcfilelist",
			);
			name = "[CP] Embed Pods Frameworks";
			outputFileListPaths = (
				"${PODS_ROOT}/Target Support Files/Pods-JordyDiary/Pods-JordyDiary-frameworks-${CONFIGURATION}-output-files.xcfilelist",
			);
			runOnlyForDeploymentPostprocessing = 0;
			shellPath = /bin/sh;
			shellScript = "\"${PODS_ROOT}/Target Support Files/Pods-JordyDiary/Pods-JordyDiary-frameworks.sh\"\n";
			showEnvVarsInLog = 0;
		};
/* End PBXShellScriptBuildPhase section */

/* Begin PBXSourcesBuildPhase section */
		C12C5D8E241FD43E003D229C /* Sources */ = {
			isa = PBXSourcesBuildPhase;
			buildActionMask = 2147483647;
			files = (
				C12C5DAF2428D122003D229C /* LoginPopup.swift in Sources */,
				C12C5D9A241FD43E003D229C /* ViewController.swift in Sources */,
				C12C5D96241FD43E003D229C /* AppDelegate.swift in Sources */,
				C12C5D98241FD43E003D229C /* SceneDelegate.swift in Sources */,
			);
			runOnlyForDeploymentPostprocessing = 0;
		};
/* End PBXSourcesBuildPhase section */

/* Begin PBXVariantGroup section */
		C12C5D9B241FD43E003D229C /* Main.storyboard */ = {
			isa = PBXVariantGroup;
			children = (
				C12C5D9C241FD43E003D229C /* Base */,
			);
			name = Main.storyboard;
			sourceTree = "<group>";
		};
		C12C5DA0241FD440003D229C /* LaunchScreen.storyboard */ = {
			isa = PBXVariantGroup;
			children = (
				C12C5DA1241FD440003D229C /* Base */,
			);
			name = LaunchScreen.storyboard;
			sourceTree = "<group>";
		};
/* End PBXVariantGroup section */

/* Begin XCBuildConfiguration section */
		C12C5DA4241FD440003D229C /* Debug */ = {
			isa = XCBuildConfiguration;
			buildSettings = {
				ALWAYS_SEARCH_USER_PATHS = NO;
				CLANG_ANALYZER_NONNULL = YES;
				CLANG_ANALYZER_NUMBER_OBJECT_CONVERSION = YES_AGGRESSIVE;
				CLANG_CXX_LANGUAGE_STANDARD = "gnu++14";
				CLANG_CXX_LIBRARY = "libc++";
				CLANG_ENABLE_MODULES = YES;
				CLANG_ENABLE_OBJC_ARC = YES;
				CLANG_ENABLE_OBJC_WEAK = YES;
				CLANG_WARN_BLOCK_CAPTURE_AUTORELEASING = YES;
				CLANG_WARN_BOOL_CONVERSION = YES;
				CLANG_WARN_COMMA = YES;
				CLANG_WARN_CONSTANT_CONVERSION = YES;
				CLANG_WARN_DEPRECATED_OBJC_IMPLEMENTATIONS = YES;
				CLANG_WARN_DIRECT_OBJC_ISA_USAGE = YES_ERROR;
				CLANG_WARN_DOCUMENTATION_COMMENTS = YES;
				CLANG_WARN_EMPTY_BODY = YES;
				CLANG_WARN_ENUM_CONVERSION = YES;
				CLANG_WARN_INFINITE_RECURSION = YES;
				CLANG_WARN_INT_CONVERSION = YES;
				CLANG_WARN_NON_LITERAL_NULL_CONVERSION = YES;
				CLANG_WARN_OBJC_IMPLICIT_RETAIN_SELF = YES;
				CLANG_WARN_OBJC_LITERAL_CONVERSION = YES;
				CLANG_WARN_OBJC_ROOT_CLASS = YES_ERROR;
				CLANG_WARN_RANGE_LOOP_ANALYSIS = YES;
				CLANG_WARN_STRICT_PROTOTYPES = YES;
				CLANG_WARN_SUSPICIOUS_MOVE = YES;
				CLANG_WARN_UNGUARDED_AVAILABILITY = YES_AGGRESSIVE;
				CLANG_WARN_UNREACHABLE_CODE = YES;
				CLANG_WARN__DUPLICATE_METHOD_MATCH = YES;
				COPY_PHASE_STRIP = NO;
				DEBUG_INFORMATION_FORMAT = dwarf;
				ENABLE_STRICT_OBJC_MSGSEND = YES;
				ENABLE_TESTABILITY = YES;
				GCC_C_LANGUAGE_STANDARD = gnu11;
				GCC_DYNAMIC_NO_PIC = NO;
				GCC_NO_COMMON_BLOCKS = YES;
				GCC_OPTIMIZATION_LEVEL = 0;
				GCC_PREPROCESSOR_DEFINITIONS = (
					"DEBUG=1",
					"$(inherited)",
				);
				GCC_WARN_64_TO_32_BIT_CONVERSION = YES;
				GCC_WARN_ABOUT_RETURN_TYPE = YES_ERROR;
				GCC_WARN_UNDECLARED_SELECTOR = YES;
				GCC_WARN_UNINITIALIZED_AUTOS = YES_AGGRESSIVE;
				GCC_WARN_UNUSED_FUNCTION = YES;
				GCC_WARN_UNUSED_VARIABLE = YES;
				IPHONEOS_DEPLOYMENT_TARGET = 13.2;
				MTL_ENABLE_DEBUG_INFO = INCLUDE_SOURCE;
				MTL_FAST_MATH = YES;
				ONLY_ACTIVE_ARCH = YES;
				SDKROOT = iphoneos;
				SWIFT_ACTIVE_COMPILATION_CONDITIONS = DEBUG;
				SWIFT_OPTIMIZATION_LEVEL = "-Onone";
			};
			name = Debug;
		};
		C12C5DA5241FD440003D229C /* Release */ = {
			isa = XCBuildConfiguration;
			buildSettings = {
				ALWAYS_SEARCH_USER_PATHS = NO;
				CLANG_ANALYZER_NONNULL = YES;
				CLANG_ANALYZER_NUMBER_OBJECT_CONVERSION = YES_AGGRESSIVE;
				CLANG_CXX_LANGUAGE_STANDARD = "gnu++14";
				CLANG_CXX_LIBRARY = "libc++";
				CLANG_ENABLE_MODULES = YES;
				CLANG_ENABLE_OBJC_ARC = YES;
				CLANG_ENABLE_OBJC_WEAK = YES;
				CLANG_WARN_BLOCK_CAPTURE_AUTORELEASING = YES;
				CLANG_WARN_BOOL_CONVERSION = YES;
				CLANG_WARN_COMMA = YES;
				CLANG_WARN_CONSTANT_CONVERSION = YES;
				CLANG_WARN_DEPRECATED_OBJC_IMPLEMENTATIONS = YES;
				CLANG_WARN_DIRECT_OBJC_ISA_USAGE = YES_ERROR;
				CLANG_WARN_DOCUMENTATION_COMMENTS = YES;
				CLANG_WARN_EMPTY_BODY = YES;
				CLANG_WARN_ENUM_CONVERSION = YES;
				CLANG_WARN_INFINITE_RECURSION = YES;
				CLANG_WARN_INT_CONVERSION = YES;
				CLANG_WARN_NON_LITERAL_NULL_CONVERSION = YES;
				CLANG_WARN_OBJC_IMPLICIT_RETAIN_SELF = YES;
				CLANG_WARN_OBJC_LITERAL_CONVERSION = YES;
				CLANG_WARN_OBJC_ROOT_CLASS = YES_ERROR;
				CLANG_WARN_RANGE_LOOP_ANALYSIS = YES;
				CLANG_WARN_STRICT_PROTOTYPES = YES;
				CLANG_WARN_SUSPICIOUS_MOVE = YES;
				CLANG_WARN_UNGUARDED_AVAILABILITY = YES_AGGRESSIVE;
				CLANG_WARN_UNREACHABLE_CODE = YES;
				CLANG_WARN__DUPLICATE_METHOD_MATCH = YES;
				COPY_PHASE_STRIP = NO;
				DEBUG_INFORMATION_FORMAT = "dwarf-with-dsym";
				ENABLE_NS_ASSERTIONS = NO;
				ENABLE_STRICT_OBJC_MSGSEND = YES;
				GCC_C_LANGUAGE_STANDARD = gnu11;
				GCC_NO_COMMON_BLOCKS = YES;
				GCC_WARN_64_TO_32_BIT_CONVERSION = YES;
				GCC_WARN_ABOUT_RETURN_TYPE = YES_ERROR;
				GCC_WARN_UNDECLARED_SELECTOR = YES;
				GCC_WARN_UNINITIALIZED_AUTOS = YES_AGGRESSIVE;
				GCC_WARN_UNUSED_FUNCTION = YES;
				GCC_WARN_UNUSED_VARIABLE = YES;
				IPHONEOS_DEPLOYMENT_TARGET = 13.2;
				MTL_ENABLE_DEBUG_INFO = NO;
				MTL_FAST_MATH = YES;
				SDKROOT = iphoneos;
				SWIFT_COMPILATION_MODE = wholemodule;
				SWIFT_OPTIMIZATION_LEVEL = "-O";
				VALIDATE_PRODUCT = YES;
			};
			name = Release;
		};
		C12C5DA7241FD440003D229C /* Debug */ = {
			isa = XCBuildConfiguration;
			baseConfigurationReference = 47C0542AF053C35521B4B055 /* Pods-JordyDiary.debug.xcconfig */;
			buildSettings = {
				ASSETCATALOG_COMPILER_APPICON_NAME = AppIcon;
				CODE_SIGN_STYLE = Automatic;
				DEVELOPMENT_TEAM = UNKLP2U2NQ;
				INFOPLIST_FILE = JordyDiary/Info.plist;
				IPHONEOS_DEPLOYMENT_TARGET = 11.0;
				LD_RUNPATH_SEARCH_PATHS = (
					"$(inherited)",
					"@executable_path/Frameworks",
				);
				PRODUCT_BUNDLE_IDENTIFIER = jp.co.tpsinc.iosstudy.3rd.JordyDiary;
				PRODUCT_NAME = "$(TARGET_NAME)";
				SWIFT_VERSION = 5.0;
				TARGETED_DEVICE_FAMILY = "1,2";
			};
			name = Debug;
		};
		C12C5DA8241FD440003D229C /* Release */ = {
			isa = XCBuildConfiguration;
			baseConfigurationReference = 42F0E75F37C6256C7EC15B54 /* Pods-JordyDiary.release.xcconfig */;
			buildSettings = {
				ASSETCATALOG_COMPILER_APPICON_NAME = AppIcon;
				CODE_SIGN_STYLE = Automatic;
				DEVELOPMENT_TEAM = UNKLP2U2NQ;
				INFOPLIST_FILE = JordyDiary/Info.plist;
				IPHONEOS_DEPLOYMENT_TARGET = 11.0;
				LD_RUNPATH_SEARCH_PATHS = (
					"$(inherited)",
					"@executable_path/Frameworks",
				);
				PRODUCT_BUNDLE_IDENTIFIER = jp.co.tpsinc.iosstudy.3rd.JordyDiary;
				PRODUCT_NAME = "$(TARGET_NAME)";
				SWIFT_VERSION = 5.0;
				TARGETED_DEVICE_FAMILY = "1,2";
			};
			name = Release;
		};
/* End XCBuildConfiguration section */

/* Begin XCConfigurationList section */
		C12C5D8D241FD43E003D229C /* Build configuration list for PBXProject "JordyDiary" */ = {
			isa = XCConfigurationList;
			buildConfigurations = (
				C12C5DA4241FD440003D229C /* Debug */,
				C12C5DA5241FD440003D229C /* Release */,
			);
			defaultConfigurationIsVisible = 0;
			defaultConfigurationName = Release;
		};
		C12C5DA6241FD440003D229C /* Build configuration list for PBXNativeTarget "JordyDiary" */ = {
			isa = XCConfigurationList;
			buildConfigurations = (
				C12C5DA7241FD440003D229C /* Debug */,
				C12C5DA8241FD440003D229C /* Release */,
			);
			defaultConfigurationIsVisible = 0;
			defaultConfigurationName = Release;
		};
/* End XCConfigurationList section */
	};
	rootObject = C12C5D8A241FD43E003D229C /* Project object */;
}
